
Microsoft Visual Studio Solution File, Format Version 12.00
# Visual Studio Version 16
VisualStudioVersion = 16.6.30114.105
MinimumVisualStudioVersion = 10.0.40219.1
Project("{2150E333-8FDC-42A3-9474-1A3956D46DE8}") = "src", "src", "{78C2F022-4D08-4144-B66F-C6159A0BCAC7}"
EndProject
Project("{9A19103F-16F7-4668-BE54-9A1E7A4F7556}") = "domain", "src\domain\domain.csproj", "{AE04AC23-C7F9-4DD6-8F96-04CEFB61EE71}"
EndProject
Project("{9A19103F-16F7-4668-BE54-9A1E7A4F7556}") = "api", "src\api\api.csproj", "{71835618-B941-49AE-858E-2888C38A58C5}"
EndProject
Project("{9A19103F-16F7-4668-BE54-9A1E7A4F7556}") = "spi", "src\spi\spi.csproj", "{D9853934-30A6-4796-BB41-8799A5CA50FA}"
EndProject
Project("{2150E333-8FDC-42A3-9474-1A3956D46DE8}") = "test", "test", "{BD3A01ED-D804-49A7-ADA4-153CFE4ADF73}"
EndProject
Project("{9A19103F-16F7-4668-BE54-9A1E7A4F7556}") = "tests", "test\tests\tests.csproj", "{E9AEF5B9-54F6-4E74-980F-171CAB680C74}"
EndProject
Project("{2150E333-8FDC-42A3-9474-1A3956D46DE8}") = "Solution Items", "Solution Items", "{E177F1DF-DF31-4538-A9D6-CDD55B4CE3CD}"
	ProjectSection(SolutionItems) = preProject
		.gitignore = .gitignore
		LICENSE = LICENSE
		README.md = README.md
	EndProjectSection
EndProject
Global
	GlobalSection(SolutionConfigurationPlatforms) = preSolution
		Debug|Any CPU = Debug|Any CPU
		Debug|x64 = Debug|x64
		Debug|x86 = Debug|x86
		Release|Any CPU = Release|Any CPU
		Release|x64 = Release|x64
		Release|x86 = Release|x86
	EndGlobalSection
	GlobalSection(ProjectConfigurationPlatforms) = postSolution
		{AE04AC23-C7F9-4DD6-8F96-04CEFB61EE71}.Debug|Any CPU.ActiveCfg = Debug|Any CPU
		{AE04AC23-C7F9-4DD6-8F96-04CEFB61EE71}.Debug|Any CPU.Build.0 = Debug|Any CPU
		{AE04AC23-C7F9-4DD6-8F96-04CEFB61EE71}.Debug|x64.ActiveCfg = Debug|Any CPU
		{AE04AC23-C7F9-4DD6-8F96-04CEFB61EE71}.Debug|x64.Build.0 = Debug|Any CPU
		{AE04AC23-C7F9-4DD6-8F96-04CEFB61EE71}.Debug|x86.ActiveCfg = Debug|Any CPU
		{AE04AC23-C7F9-4DD6-8F96-04CEFB61EE71}.Debug|x86.Build.0 = Debug|Any CPU
		{AE04AC23-C7F9-4DD6-8F96-04CEFB61EE71}.Release|Any CPU.ActiveCfg = Release|Any CPU
		{AE04AC23-C7F9-4DD6-8F96-04CEFB61EE71}.Release|Any CPU.Build.0 = Release|Any CPU
		{AE04AC23-C7F9-4DD6-8F96-04CEFB61EE71}.Release|x64.ActiveCfg = Release|Any CPU
		{AE04AC23-C7F9-4DD6-8F96-04CEFB61EE71}.Release|x64.Build.0 = Release|Any CPU
		{AE04AC23-C7F9-4DD6-8F96-04CEFB61EE71}.Release|x86.ActiveCfg = Release|Any CPU
		{AE04AC23-C7F9-4DD6-8F96-04CEFB61EE71}.Release|x86.Build.0 = Release|Any CPU
		{71835618-B941-49AE-858E-2888C38A58C5}.Debug|Any CPU.ActiveCfg = Debug|Any CPU
		{71835618-B941-49AE-858E-2888C38A58C5}.Debug|Any CPU.Build.0 = Debug|Any CPU
		{71835618-B941-49AE-858E-2888C38A58C5}.Debug|x64.ActiveCfg = Debug|Any CPU
		{71835618-B941-49AE-858E-2888C38A58C5}.Debug|x64.Build.0 = Debug|Any CPU
		{71835618-B941-49AE-858E-2888C38A58C5}.Debug|x86.ActiveCfg = Debug|Any CPU
		{71835618-B941-49AE-858E-2888C38A58C5}.Debug|x86.Build.0 = Debug|Any CPU
		{71835618-B941-49AE-858E-2888C38A58C5}.Release|Any CPU.ActiveCfg = Release|Any CPU
		{71835618-B941-49AE-858E-2888C38A58C5}.Release|Any CPU.Build.0 = Release|Any CPU
		{71835618-B941-49AE-858E-2888C38A58C5}.Release|x64.ActiveCfg = Release|Any CPU
		{71835618-B941-49AE-858E-2888C38A58C5}.Release|x64.Build.0 = Release|Any CPU
		{71835618-B941-49AE-858E-2888C38A58C5}.Release|x86.ActiveCfg = Release|Any CPU
		{71835618-B941-49AE-858E-2888C38A58C5}.Release|x86.Build.0 = Release|Any CPU
		{D9853934-30A6-4796-BB41-8799A5CA50FA}.Debug|Any CPU.ActiveCfg = Debug|Any CPU
		{D9853934-30A6-4796-BB41-8799A5CA50FA}.Debug|Any CPU.Build.0 = Debug|Any CPU
		{D9853934-30A6-4796-BB41-8799A5CA50FA}.Debug|x64.ActiveCfg = Debug|Any CPU
		{D9853934-30A6-4796-BB41-8799A5CA50FA}.Debug|x64.Build.0 = Debug|Any CPU
		{D9853934-30A6-4796-BB41-8799A5CA50FA}.Debug|x86.ActiveCfg = Debug|Any CPU
		{D9853934-30A6-4796-BB41-8799A5CA50FA}.Debug|x86.Build.0 = Debug|Any CPU
		{D9853934-30A6-4796-BB41-8799A5CA50FA}.Release|Any CPU.ActiveCfg = Release|Any CPU
		{D9853934-30A6-4796-BB41-8799A5CA50FA}.Release|Any CPU.Build.0 = Release|Any CPU
		{D9853934-30A6-4796-BB41-8799A5CA50FA}.Release|x64.ActiveCfg = Release|Any CPU
		{D9853934-30A6-4796-BB41-8799A5CA50FA}.Release|x64.Build.0 = Release|Any CPU
		{D9853934-30A6-4796-BB41-8799A5CA50FA}.Release|x86.ActiveCfg = Release|Any CPU
		{D9853934-30A6-4796-BB41-8799A5CA50FA}.Release|x86.Build.0 = Release|Any CPU
		{E9AEF5B9-54F6-4E74-980F-171CAB680C74}.Debug|Any CPU.ActiveCfg = Debug|Any CPU
		{E9AEF5B9-54F6-4E74-980F-171CAB680C74}.Debug|Any CPU.Build.0 = Debug|Any CPU
		{E9AEF5B9-54F6-4E74-980F-171CAB680C74}.Debug|x64.ActiveCfg = Debug|Any CPU
		{E9AEF5B9-54F6-4E74-980F-171CAB680C74}.Debug|x64.Build.0 = Debug|Any CPU
		{E9AEF5B9-54F6-4E74-980F-171CAB680C74}.Debug|x86.ActiveCfg = Debug|Any CPU
		{E9AEF5B9-54F6-4E74-980F-171CAB680C74}.Debug|x86.Build.0 = Debug|Any CPU
		{E9AEF5B9-54F6-4E74-980F-171CAB680C74}.Release|Any CPU.ActiveCfg = Release|Any CPU
		{E9AEF5B9-54F6-4E74-980F-171CAB680C74}.Release|Any CPU.Build.0 = Release|Any CPU
		{E9AEF5B9-54F6-4E74-980F-171CAB680C74}.Release|x64.ActiveCfg = Release|Any CPU
		{E9AEF5B9-54F6-4E74-980F-171CAB680C74}.Release|x64.Build.0 = Release|Any CPU
		{E9AEF5B9-54F6-4E74-980F-171CAB680C74}.Release|x86.ActiveCfg = Release|Any CPU
		{E9AEF5B9-54F6-4E74-980F-171CAB680C74}.Release|x86.Build.0 = Release|Any CPU
	EndGlobalSection
	GlobalSection(SolutionProperties) = preSolution
		HideSolutionNode = FALSE
	EndGlobalSection
	GlobalSection(NestedProjects) = preSolution
		{AE04AC23-C7F9-4DD6-8F96-04CEFB61EE71} = {78C2F022-4D08-4144-B66F-C6159A0BCAC7}
		{71835618-B941-49AE-858E-2888C38A58C5} = {78C2F022-4D08-4144-B66F-C6159A0BCAC7}
		{D9853934-30A6-4796-BB41-8799A5CA50FA} = {78C2F022-4D08-4144-B66F-C6159A0BCAC7}
		{E9AEF5B9-54F6-4E74-980F-171CAB680C74} = {BD3A01ED-D804-49A7-ADA4-153CFE4ADF73}
	EndGlobalSection
	GlobalSection(ExtensibilityGlobals) = postSolution
		SolutionGuid = {4C4E8ABE-3D20-44E5-8770-9744F9911E20}
	EndGlobalSection
EndGlobal
